
Microsoft Visual Studio Solution File, Format Version 12.00
# Visual Studio Version 16
VisualStudioVersion = 16.0.32802.440
MinimumVisualStudioVersion = 10.0.40219.1
Project("{9A19103F-16F7-4668-BE54-9A1E7A4F7556}") = "MyCalc", "MyCalc\MyCalc.csproj", "{160BFD6A-C3B7-40BC-B71A-6319EBCE95DC}"
EndProject
Project("{FAE04EC0-301F-11D3-BF4B-00C04F79EFBC}") = "HelloApp", "HelloApp\HelloApp.csproj", "{1B3A5E6B-E963-44F5-9648-DD088EBF5E38}"
EndProject
Global
	GlobalSection(SolutionConfigurationPlatforms) = preSolution
		Debug|Any CPU = Debug|Any CPU
		Release|Any CPU = Release|Any CPU
	EndGlobalSection
	GlobalSection(ProjectConfigurationPlatforms) = postSolution
		{160BFD6A-C3B7-40BC-B71A-6319EBCE95DC}.Debug|Any CPU.ActiveCfg = Debug|Any CPU
		{160BFD6A-C3B7-40BC-B71A-6319EBCE95DC}.Debug|Any CPU.Build.0 = Debug|Any CPU
		{160BFD6A-C3B7-40BC-B71A-6319EBCE95DC}.Release|Any CPU.ActiveCfg = Release|Any CPU
		{160BFD6A-C3B7-40BC-B71A-6319EBCE95DC}.Release|Any CPU.Build.0 = Release|Any CPU
		{1B3A5E6B-E963-44F5-9648-DD088EBF5E38}.Debug|Any CPU.ActiveCfg = Debug|Any CPU
		{1B3A5E6B-E963-44F5-9648-DD088EBF5E38}.Debug|Any CPU.Build.0 = Debug|Any CPU
		{1B3A5E6B-E963-44F5-9648-DD088EBF5E38}.Release|Any CPU.ActiveCfg = Release|Any CPU
		{1B3A5E6B-E963-44F5-9648-DD088EBF5E38}.Release|Any CPU.Build.0 = Release|Any CPU
	EndGlobalSection
	GlobalSection(SolutionProperties) = preSolution
		HideSolutionNode = FALSE
	EndGlobalSection
	GlobalSection(ExtensibilityGlobals) = postSolution
		SolutionGuid = {B205B4ED-59FB-4FBB-9A52-5AC3C5D54471}
	EndGlobalSection
EndGlobal
